
Microsoft Visual Studio Solution File, Format Version 12.00
# Visual Studio Version 16
VisualStudioVersion = 16.0.30503.244
MinimumVisualStudioVersion = 10.0.40219.1
Project("{FAE04EC0-301F-11D3-BF4B-00C04F79EFBC}") = "SuperAdventure", "SuperAdventure\SuperAdventure.csproj", "{DF8F51DE-1CF2-4A92-B3E5-5D55269BD425}"
EndProject
Project("{FAE04EC0-301F-11D3-BF4B-00C04F79EFBC}") = "Engine", "Engine\Engine.csproj", "{E519CFB0-6CAF-421C-96AF-93170910E9A2}"
EndProject
Global
	GlobalSection(SolutionConfigurationPlatforms) = preSolution
		Debug|Any CPU = Debug|Any CPU
		Release|Any CPU = Release|Any CPU
	EndGlobalSection
	GlobalSection(ProjectConfigurationPlatforms) = postSolution
		{DF8F51DE-1CF2-4A92-B3E5-5D55269BD425}.Debug|Any CPU.ActiveCfg = Debug|Any CPU
		{DF8F51DE-1CF2-4A92-B3E5-5D55269BD425}.Debug|Any CPU.Build.0 = Debug|Any CPU
		{DF8F51DE-1CF2-4A92-B3E5-5D55269BD425}.Release|Any CPU.ActiveCfg = Release|Any CPU
		{DF8F51DE-1CF2-4A92-B3E5-5D55269BD425}.Release|Any CPU.Build.0 = Release|Any CPU
		{E519CFB0-6CAF-421C-96AF-93170910E9A2}.Debug|Any CPU.ActiveCfg = Debug|Any CPU
		{E519CFB0-6CAF-421C-96AF-93170910E9A2}.Debug|Any CPU.Build.0 = Debug|Any CPU
		{E519CFB0-6CAF-421C-96AF-93170910E9A2}.Release|Any CPU.ActiveCfg = Release|Any CPU
		{E519CFB0-6CAF-421C-96AF-93170910E9A2}.Release|Any CPU.Build.0 = Release|Any CPU
	EndGlobalSection
	GlobalSection(SolutionProperties) = preSolution
		HideSolutionNode = FALSE
	EndGlobalSection
	GlobalSection(ExtensibilityGlobals) = postSolution
		SolutionGuid = {6F5C4E7B-A869-46EE-BDD7-A9A7B04A03D5}
	EndGlobalSection
EndGlobal
